
Microsoft Visual Studio Solution File, Format Version 12.00
# Visual Studio Version 17
VisualStudioVersion = 17.3.32929.385
MinimumVisualStudioVersion = 10.0.40219.1
Project("{FAE04EC0-301F-11D3-BF4B-00C04F79EFBC}") = "Session4_Homework", "Session4_Homework.csproj", "{EC5A1B6C-598C-4449-B1F0-78D326782057}"
EndProject
Global
	GlobalSection(SolutionConfigurationPlatforms) = preSolution
		Debug|Any CPU = Debug|Any CPU
		Release|Any CPU = Release|Any CPU
	EndGlobalSection
	GlobalSection(ProjectConfigurationPlatforms) = postSolution
		{EC5A1B6C-598C-4449-B1F0-78D326782057}.Debug|Any CPU.ActiveCfg = Debug|Any CPU
		{EC5A1B6C-598C-4449-B1F0-78D326782057}.Debug|Any CPU.Build.0 = Debug|Any CPU
		{EC5A1B6C-598C-4449-B1F0-78D326782057}.Release|Any CPU.ActiveCfg = Release|Any CPU
		{EC5A1B6C-598C-4449-B1F0-78D326782057}.Release|Any CPU.Build.0 = Release|Any CPU
	EndGlobalSection
	GlobalSection(SolutionProperties) = preSolution
		HideSolutionNode = FALSE
	EndGlobalSection
	GlobalSection(ExtensibilityGlobals) = postSolution
		SolutionGuid = {BC606F0B-5536-4BE5-BCA1-7A82A45E9FCB}
	EndGlobalSection
EndGlobal
